
Microsoft Visual Studio Solution File, Format Version 12.00
# Visual Studio Version 16
VisualStudioVersion = 16.0.33214.272
MinimumVisualStudioVersion = 10.0.40219.1
Project("{FAE04EC0-301F-11D3-BF4B-00C04F79EFBC}") = "ParsingEnumsAssignment", "ParsingEnumsAssignment.csproj", "{6714B7A5-8A29-4C14-9BC6-41513A3EF171}"
EndProject
Global
	GlobalSection(SolutionConfigurationPlatforms) = preSolution
		Debug|Any CPU = Debug|Any CPU
		Release|Any CPU = Release|Any CPU
	EndGlobalSection
	GlobalSection(ProjectConfigurationPlatforms) = postSolution
		{6714B7A5-8A29-4C14-9BC6-41513A3EF171}.Debug|Any CPU.ActiveCfg = Debug|Any CPU
		{6714B7A5-8A29-4C14-9BC6-41513A3EF171}.Debug|Any CPU.Build.0 = Debug|Any CPU
		{6714B7A5-8A29-4C14-9BC6-41513A3EF171}.Release|Any CPU.ActiveCfg = Release|Any CPU
		{6714B7A5-8A29-4C14-9BC6-41513A3EF171}.Release|Any CPU.Build.0 = Release|Any CPU
	EndGlobalSection
	GlobalSection(SolutionProperties) = preSolution
		HideSolutionNode = FALSE
	EndGlobalSection
	GlobalSection(ExtensibilityGlobals) = postSolution
		SolutionGuid = {030F7C62-F7A8-41C0-AD6A-42FFAA9F6764}
	EndGlobalSection
EndGlobal
