
Microsoft Visual Studio Solution File, Format Version 12.00
# Visual Studio Version 16
VisualStudioVersion = 16.0.33214.272
MinimumVisualStudioVersion = 10.0.40219.1
Project("{FAE04EC0-301F-11D3-BF4B-00C04F79EFBC}") = "FinalAssignment", "FinalAssignment.csproj", "{B24BBE88-3F3B-4642-BABD-1B2CB864544F}"
EndProject
Global
	GlobalSection(SolutionConfigurationPlatforms) = preSolution
		Debug|Any CPU = Debug|Any CPU
		Release|Any CPU = Release|Any CPU
	EndGlobalSection
	GlobalSection(ProjectConfigurationPlatforms) = postSolution
		{B24BBE88-3F3B-4642-BABD-1B2CB864544F}.Debug|Any CPU.ActiveCfg = Debug|Any CPU
		{B24BBE88-3F3B-4642-BABD-1B2CB864544F}.Debug|Any CPU.Build.0 = Debug|Any CPU
		{B24BBE88-3F3B-4642-BABD-1B2CB864544F}.Release|Any CPU.ActiveCfg = Release|Any CPU
		{B24BBE88-3F3B-4642-BABD-1B2CB864544F}.Release|Any CPU.Build.0 = Release|Any CPU
	EndGlobalSection
	GlobalSection(SolutionProperties) = preSolution
		HideSolutionNode = FALSE
	EndGlobalSection
	GlobalSection(ExtensibilityGlobals) = postSolution
		SolutionGuid = {E288F13E-966C-4C19-9BA4-73E92137E9D5}
	EndGlobalSection
EndGlobal
