
Microsoft Visual Studio Solution File, Format Version 12.00
# Visual Studio Version 16
VisualStudioVersion = 16.0.33214.272
MinimumVisualStudioVersion = 10.0.40219.1
Project("{FAE04EC0-301F-11D3-BF4B-00C04F79EFBC}") = "MainMethodAssignment", "MainMethodAssignment.csproj", "{556F64F7-0832-4EF8-A566-3945E55B62FF}"
EndProject
Global
	GlobalSection(SolutionConfigurationPlatforms) = preSolution
		Debug|Any CPU = Debug|Any CPU
		Release|Any CPU = Release|Any CPU
	EndGlobalSection
	GlobalSection(ProjectConfigurationPlatforms) = postSolution
		{556F64F7-0832-4EF8-A566-3945E55B62FF}.Debug|Any CPU.ActiveCfg = Debug|Any CPU
		{556F64F7-0832-4EF8-A566-3945E55B62FF}.Debug|Any CPU.Build.0 = Debug|Any CPU
		{556F64F7-0832-4EF8-A566-3945E55B62FF}.Release|Any CPU.ActiveCfg = Release|Any CPU
		{556F64F7-0832-4EF8-A566-3945E55B62FF}.Release|Any CPU.Build.0 = Release|Any CPU
	EndGlobalSection
	GlobalSection(SolutionProperties) = preSolution
		HideSolutionNode = FALSE
	EndGlobalSection
	GlobalSection(ExtensibilityGlobals) = postSolution
		SolutionGuid = {A7B855D4-3954-4E1D-A71A-DF51857BAA2E}
	EndGlobalSection
EndGlobal
