
Microsoft Visual Studio Solution File, Format Version 12.00
# Visual Studio Version 16
VisualStudioVersion = 16.0.33214.272
MinimumVisualStudioVersion = 10.0.40219.1
Project("{FAE04EC0-301F-11D3-BF4B-00C04F79EFBC}") = "MVC App Assignment", "MVC App Assignment.csproj", "{DAFB0069-B7D7-43CA-BB7F-E56C1DEB1A2B}"
EndProject
Global
	GlobalSection(SolutionConfigurationPlatforms) = preSolution
		Debug|Any CPU = Debug|Any CPU
		Release|Any CPU = Release|Any CPU
	EndGlobalSection
	GlobalSection(ProjectConfigurationPlatforms) = postSolution
		{DAFB0069-B7D7-43CA-BB7F-E56C1DEB1A2B}.Debug|Any CPU.ActiveCfg = Debug|Any CPU
		{DAFB0069-B7D7-43CA-BB7F-E56C1DEB1A2B}.Debug|Any CPU.Build.0 = Debug|Any CPU
		{DAFB0069-B7D7-43CA-BB7F-E56C1DEB1A2B}.Release|Any CPU.ActiveCfg = Release|Any CPU
		{DAFB0069-B7D7-43CA-BB7F-E56C1DEB1A2B}.Release|Any CPU.Build.0 = Release|Any CPU
	EndGlobalSection
	GlobalSection(SolutionProperties) = preSolution
		HideSolutionNode = FALSE
	EndGlobalSection
	GlobalSection(ExtensibilityGlobals) = postSolution
		SolutionGuid = {BAFF919B-809B-4C67-9585-57B60CCE1AEA}
	EndGlobalSection
EndGlobal
