
Microsoft Visual Studio Solution File, Format Version 12.00
# Visual Studio Version 16
VisualStudioVersion = 16.0.33214.272
MinimumVisualStudioVersion = 10.0.40219.1
Project("{FAE04EC0-301F-11D3-BF4B-00C04F79EFBC}") = "ConsoleAppAssignmentPart6", "ConsoleAppAssignmentPart6.csproj", "{AB449A88-09F5-4300-A55D-F824BAC303AD}"
EndProject
Global
	GlobalSection(SolutionConfigurationPlatforms) = preSolution
		Debug|Any CPU = Debug|Any CPU
		Release|Any CPU = Release|Any CPU
	EndGlobalSection
	GlobalSection(ProjectConfigurationPlatforms) = postSolution
		{AB449A88-09F5-4300-A55D-F824BAC303AD}.Debug|Any CPU.ActiveCfg = Debug|Any CPU
		{AB449A88-09F5-4300-A55D-F824BAC303AD}.Debug|Any CPU.Build.0 = Debug|Any CPU
		{AB449A88-09F5-4300-A55D-F824BAC303AD}.Release|Any CPU.ActiveCfg = Release|Any CPU
		{AB449A88-09F5-4300-A55D-F824BAC303AD}.Release|Any CPU.Build.0 = Release|Any CPU
	EndGlobalSection
	GlobalSection(SolutionProperties) = preSolution
		HideSolutionNode = FALSE
	EndGlobalSection
	GlobalSection(ExtensibilityGlobals) = postSolution
		SolutionGuid = {2A03856F-89E1-44A3-BE73-AB0C1D63DA87}
	EndGlobalSection
EndGlobal
