
Microsoft Visual Studio Solution File, Format Version 12.00
# Visual Studio Version 16
VisualStudioVersion = 16.0.33214.272
MinimumVisualStudioVersion = 10.0.40219.1
Project("{FAE04EC0-301F-11D3-BF4B-00C04F79EFBC}") = "MethodsAndObjectsAssignment", "MethodsAndObjectsAssignment.csproj", "{1DA88206-F2D7-45A6-BC76-E1F52E7E3F66}"
EndProject
Global
	GlobalSection(SolutionConfigurationPlatforms) = preSolution
		Debug|Any CPU = Debug|Any CPU
		Release|Any CPU = Release|Any CPU
	EndGlobalSection
	GlobalSection(ProjectConfigurationPlatforms) = postSolution
		{1DA88206-F2D7-45A6-BC76-E1F52E7E3F66}.Debug|Any CPU.ActiveCfg = Debug|Any CPU
		{1DA88206-F2D7-45A6-BC76-E1F52E7E3F66}.Debug|Any CPU.Build.0 = Debug|Any CPU
		{1DA88206-F2D7-45A6-BC76-E1F52E7E3F66}.Release|Any CPU.ActiveCfg = Release|Any CPU
		{1DA88206-F2D7-45A6-BC76-E1F52E7E3F66}.Release|Any CPU.Build.0 = Release|Any CPU
	EndGlobalSection
	GlobalSection(SolutionProperties) = preSolution
		HideSolutionNode = FALSE
	EndGlobalSection
	GlobalSection(ExtensibilityGlobals) = postSolution
		SolutionGuid = {C8425795-3AC8-4F89-90AE-080CDA7D75DC}
	EndGlobalSection
EndGlobal
