
Microsoft Visual Studio Solution File, Format Version 12.00
# Visual Studio Version 17
VisualStudioVersion = 17.4.33213.308
MinimumVisualStudioVersion = 10.0.40219.1
Project("{FAE04EC0-301F-11D3-BF4B-00C04F79EFBC}") = "ConsoleAppAssign", "ConsoleAppAssign.csproj", "{CF492CFD-5FFB-4C42-B778-B7DE4775C672}"
EndProject
Global
	GlobalSection(SolutionConfigurationPlatforms) = preSolution
		Debug|Any CPU = Debug|Any CPU
		Release|Any CPU = Release|Any CPU
	EndGlobalSection
	GlobalSection(ProjectConfigurationPlatforms) = postSolution
		{CF492CFD-5FFB-4C42-B778-B7DE4775C672}.Debug|Any CPU.ActiveCfg = Debug|Any CPU
		{CF492CFD-5FFB-4C42-B778-B7DE4775C672}.Debug|Any CPU.Build.0 = Debug|Any CPU
		{CF492CFD-5FFB-4C42-B778-B7DE4775C672}.Release|Any CPU.ActiveCfg = Release|Any CPU
		{CF492CFD-5FFB-4C42-B778-B7DE4775C672}.Release|Any CPU.Build.0 = Release|Any CPU
	EndGlobalSection
	GlobalSection(SolutionProperties) = preSolution
		HideSolutionNode = FALSE
	EndGlobalSection
	GlobalSection(ExtensibilityGlobals) = postSolution
		SolutionGuid = {EA932FDC-89EF-4005-8BB0-08677F2204B9}
	EndGlobalSection
EndGlobal
